// !$*UTF8*$!
{
	archiveVersion = 1;
	classes = {
	};
	objectVersion = 55;
	objects = {

/* Begin PBXBuildFile section */
		22B5BD322824BD600009B754 /* LTKDataModel.swift in Sources */ = {isa = PBXBuildFile; fileRef = 22B5BD2F2824BD600009B754 /* LTKDataModel.swift */; };
		22B5BD332824BD600009B754 /* LTKDataManager.swift in Sources */ = {isa = PBXBuildFile; fileRef = 22B5BD302824BD600009B754 /* LTKDataManager.swift */; };
		22B5BD342824BD600009B754 /* APIManager.swift in Sources */ = {isa = PBXBuildFile; fileRef = 22B5BD312824BD600009B754 /* APIManager.swift */; };
		22B5BD3D2824C8240009B754 /* LTKDetailViewController.swift in Sources */ = {isa = PBXBuildFile; fileRef = 22B5BD3B2824C8240009B754 /* LTKDetailViewController.swift */; };
		22B5BD3E2824C8240009B754 /* LTKDetailViewController.xib in Resources */ = {isa = PBXBuildFile; fileRef = 22B5BD3C2824C8240009B754 /* LTKDetailViewController.xib */; };
		22C21CF92824BABB0047C03A /* AppDelegate.swift in Sources */ = {isa = PBXBuildFile; fileRef = 22C21CF82824BABB0047C03A /* AppDelegate.swift */; };
		22C21CFB2824BABB0047C03A /* SceneDelegate.swift in Sources */ = {isa = PBXBuildFile; fileRef = 22C21CFA2824BABB0047C03A /* SceneDelegate.swift */; };
		22C21D002824BABB0047C03A /* Main.storyboard in Resources */ = {isa = PBXBuildFile; fileRef = 22C21CFE2824BABB0047C03A /* Main.storyboard */; };
		22C21D022824BABE0047C03A /* Assets.xcassets in Resources */ = {isa = PBXBuildFile; fileRef = 22C21D012824BABE0047C03A /* Assets.xcassets */; };
		22C21D052824BABE0047C03A /* LaunchScreen.storyboard in Resources */ = {isa = PBXBuildFile; fileRef = 22C21D032824BABE0047C03A /* LaunchScreen.storyboard */; };
		22C21D0D2824BB290047C03A /* MainTableViewController.swift in Sources */ = {isa = PBXBuildFile; fileRef = 22C21D0C2824BB290047C03A /* MainTableViewController.swift */; };
		22C21D102824BB8B0047C03A /* LTKTableViewCell.swift in Sources */ = {isa = PBXBuildFile; fileRef = 22C21D0E2824BB8B0047C03A /* LTKTableViewCell.swift */; };
		22C21D112824BB8B0047C03A /* LTKTableViewCell.xib in Resources */ = {isa = PBXBuildFile; fileRef = 22C21D0F2824BB8B0047C03A /* LTKTableViewCell.xib */; };
/* End PBXBuildFile section */

/* Begin PBXFileReference section */
		22B5BD2F2824BD600009B754 /* LTKDataModel.swift */ = {isa = PBXFileReference; fileEncoding = 4; lastKnownFileType = sourcecode.swift; path = LTKDataModel.swift; sourceTree = "<group>"; };
		22B5BD302824BD600009B754 /* LTKDataManager.swift */ = {isa = PBXFileReference; fileEncoding = 4; lastKnownFileType = sourcecode.swift; path = LTKDataManager.swift; sourceTree = "<group>"; };
		22B5BD312824BD600009B754 /* APIManager.swift */ = {isa = PBXFileReference; fileEncoding = 4; lastKnownFileType = sourcecode.swift; path = APIManager.swift; sourceTree = "<group>"; };
		22B5BD3B2824C8240009B754 /* LTKDetailViewController.swift */ = {isa = PBXFileReference; lastKnownFileType = sourcecode.swift; path = LTKDetailViewController.swift; sourceTree = "<group>"; };
		22B5BD3C2824C8240009B754 /* LTKDetailViewController.xib */ = {isa = PBXFileReference; lastKnownFileType = file.xib; path = LTKDetailViewController.xib; sourceTree = "<group>"; };
		22C21CF52824BABB0047C03A /* LTKProject.app */ = {isa = PBXFileReference; explicitFileType = wrapper.application; includeInIndex = 0; path = LTKProject.app; sourceTree = BUILT_PRODUCTS_DIR; };
		22C21CF82824BABB0047C03A /* AppDelegate.swift */ = {isa = PBXFileReference; lastKnownFileType = sourcecode.swift; path = AppDelegate.swift; sourceTree = "<group>"; };
		22C21CFA2824BABB0047C03A /* SceneDelegate.swift */ = {isa = PBXFileReference; lastKnownFileType = sourcecode.swift; path = SceneDelegate.swift; sourceTree = "<group>"; };
		22C21CFF2824BABB0047C03A /* Base */ = {isa = PBXFileReference; lastKnownFileType = file.storyboard; name = Base; path = Base.lproj/Main.storyboard; sourceTree = "<group>"; };
		22C21D012824BABE0047C03A /* Assets.xcassets */ = {isa = PBXFileReference; lastKnownFileType = folder.assetcatalog; path = Assets.xcassets; sourceTree = "<group>"; };
		22C21D042824BABE0047C03A /* Base */ = {isa = PBXFileReference; lastKnownFileType = file.storyboard; name = Base; path = Base.lproj/LaunchScreen.storyboard; sourceTree = "<group>"; };
		22C21D062824BABE0047C03A /* Info.plist */ = {isa = PBXFileReference; lastKnownFileType = text.plist.xml; path = Info.plist; sourceTree = "<group>"; };
		22C21D0C2824BB290047C03A /* MainTableViewController.swift */ = {isa = PBXFileReference; lastKnownFileType = sourcecode.swift; path = MainTableViewController.swift; sourceTree = "<group>"; };
		22C21D0E2824BB8B0047C03A /* LTKTableViewCell.swift */ = {isa = PBXFileReference; lastKnownFileType = sourcecode.swift; path = LTKTableViewCell.swift; sourceTree = "<group>"; };
		22C21D0F2824BB8B0047C03A /* LTKTableViewCell.xib */ = {isa = PBXFileReference; lastKnownFileType = file.xib; path = LTKTableViewCell.xib; sourceTree = "<group>"; };
/* End PBXFileReference section */

/* Begin PBXFrameworksBuildPhase section */
		22C21CF22824BABB0047C03A /* Frameworks */ = {
			isa = PBXFrameworksBuildPhase;
			buildActionMask = 2147483647;
			files = (
			);
			runOnlyForDeploymentPostprocessing = 0;
		};
/* End PBXFrameworksBuildPhase section */

/* Begin PBXGroup section */
		22B5BD372824C7A80009B754 /* Views */ = {
			isa = PBXGroup;
			children = (
				22C21D0E2824BB8B0047C03A /* LTKTableViewCell.swift */,
				22C21D0F2824BB8B0047C03A /* LTKTableViewCell.xib */,
				22C21CFE2824BABB0047C03A /* Main.storyboard */,
				22C21D0C2824BB290047C03A /* MainTableViewController.swift */,
				22B5BD3B2824C8240009B754 /* LTKDetailViewController.swift */,
				22B5BD3C2824C8240009B754 /* LTKDetailViewController.xib */,
			);
			path = Views;
			sourceTree = "<group>";
		};
		22B5BD382824C7D60009B754 /* DataModel */ = {
			isa = PBXGroup;
			children = (
				22B5BD2F2824BD600009B754 /* LTKDataModel.swift */,
			);
			path = DataModel;
			sourceTree = "<group>";
		};
		22B5BD392824C7E90009B754 /* Application */ = {
			isa = PBXGroup;
			children = (
				22C21CF82824BABB0047C03A /* AppDelegate.swift */,
				22C21CFA2824BABB0047C03A /* SceneDelegate.swift */,
			);
			path = Application;
			sourceTree = "<group>";
		};
		22B5BD3A2824C7FE0009B754 /* Managers */ = {
			isa = PBXGroup;
			children = (
				22B5BD312824BD600009B754 /* APIManager.swift */,
				22B5BD302824BD600009B754 /* LTKDataManager.swift */,
			);
			path = Managers;
			sourceTree = "<group>";
		};
		22C21CEC2824BABB0047C03A = {
			isa = PBXGroup;
			children = (
				22C21CF72824BABB0047C03A /* LTKProject */,
				22C21CF62824BABB0047C03A /* Products */,
			);
			sourceTree = "<group>";
		};
		22C21CF62824BABB0047C03A /* Products */ = {
			isa = PBXGroup;
			children = (
				22C21CF52824BABB0047C03A /* LTKProject.app */,
			);
			name = Products;
			sourceTree = "<group>";
		};
		22C21CF72824BABB0047C03A /* LTKProject */ = {
			isa = PBXGroup;
			children = (
				22B5BD3A2824C7FE0009B754 /* Managers */,
				22B5BD392824C7E90009B754 /* Application */,
				22B5BD372824C7A80009B754 /* Views */,
				22B5BD382824C7D60009B754 /* DataModel */,
				22C21D012824BABE0047C03A /* Assets.xcassets */,
				22C21D032824BABE0047C03A /* LaunchScreen.storyboard */,
				22C21D062824BABE0047C03A /* Info.plist */,
			);
			path = LTKProject;
			sourceTree = "<group>";
		};
/* End PBXGroup section */

/* Begin PBXNativeTarget section */
		22C21CF42824BABB0047C03A /* LTKProject */ = {
			isa = PBXNativeTarget;
			buildConfigurationList = 22C21D092824BABE0047C03A /* Build configuration list for PBXNativeTarget "LTKProject" */;
			buildPhases = (
				22C21CF12824BABB0047C03A /* Sources */,
				22C21CF22824BABB0047C03A /* Frameworks */,
				22C21CF32824BABB0047C03A /* Resources */,
			);
			buildRules = (
			);
			dependencies = (
			);
			name = LTKProject;
			productName = LTKProject;
			productReference = 22C21CF52824BABB0047C03A /* LTKProject.app */;
			productType = "com.apple.product-type.application";
		};
/* End PBXNativeTarget section */

/* Begin PBXProject section */
		22C21CED2824BABB0047C03A /* Project object */ = {
			isa = PBXProject;
			attributes = {
				BuildIndependentTargetsInParallel = 1;
				LastSwiftUpdateCheck = 1300;
				LastUpgradeCheck = 1300;
				TargetAttributes = {
					22C21CF42824BABB0047C03A = {
						CreatedOnToolsVersion = 13.0;
					};
				};
			};
			buildConfigurationList = 22C21CF02824BABB0047C03A /* Build configuration list for PBXProject "LTKProject" */;
			compatibilityVersion = "Xcode 13.0";
			developmentRegion = en;
			hasScannedForEncodings = 0;
			knownRegions = (
				en,
				Base,
			);
			mainGroup = 22C21CEC2824BABB0047C03A;
			productRefGroup = 22C21CF62824BABB0047C03A /* Products */;
			projectDirPath = "";
			projectRoot = "";
			targets = (
				22C21CF42824BABB0047C03A /* LTKProject */,
			);
		};
/* End PBXProject section */

/* Begin PBXResourcesBuildPhase section */
		22C21CF32824BABB0047C03A /* Resources */ = {
			isa = PBXResourcesBuildPhase;
			buildActionMask = 2147483647;
			files = (
				22C21D052824BABE0047C03A /* LaunchScreen.storyboard in Resources */,
				22B5BD3E2824C8240009B754 /* LTKDetailViewController.xib in Resources */,
				22C21D022824BABE0047C03A /* Assets.xcassets in Resources */,
				22C21D002824BABB0047C03A /* Main.storyboard in Resources */,
				22C21D112824BB8B0047C03A /* LTKTableViewCell.xib in Resources */,
			);
			runOnlyForDeploymentPostprocessing = 0;
		};
/* End PBXResourcesBuildPhase section */

/* Begin PBXSourcesBuildPhase section */
		22C21CF12824BABB0047C03A /* Sources */ = {
			isa = PBXSourcesBuildPhase;
			buildActionMask = 2147483647;
			files = (
				22C21D0D2824BB290047C03A /* MainTableViewController.swift in Sources */,
				22C21CF92824BABB0047C03A /* AppDelegate.swift in Sources */,
				22C21CFB2824BABB0047C03A /* SceneDelegate.swift in Sources */,
				22C21D102824BB8B0047C03A /* LTKTableViewCell.swift in Sources */,
				22B5BD322824BD600009B754 /* LTKDataModel.swift in Sources */,
				22B5BD3D2824C8240009B754 /* LTKDetailViewController.swift in Sources */,
				22B5BD332824BD600009B754 /* LTKDataManager.swift in Sources */,
				22B5BD342824BD600009B754 /* APIManager.swift in Sources */,
			);
			runOnlyForDeploymentPostprocessing = 0;
		};
/* End PBXSourcesBuildPhase section */

/* Begin PBXVariantGroup section */
		22C21CFE2824BABB0047C03A /* Main.storyboard */ = {
			isa = PBXVariantGroup;
			children = (
				22C21CFF2824BABB0047C03A /* Base */,
			);
			name = Main.storyboard;
			sourceTree = "<group>";
		};
		22C21D032824BABE0047C03A /* LaunchScreen.storyboard */ = {
			isa = PBXVariantGroup;
			children = (
				22C21D042824BABE0047C03A /* Base */,
			);
			name = LaunchScreen.storyboard;
			sourceTree = "<group>";
		};
/* End PBXVariantGroup section */

/* Begin XCBuildConfiguration section */
		22C21D072824BABE0047C03A /* Debug */ = {
			isa = XCBuildConfiguration;
			buildSettings = {
				ALWAYS_SEARCH_USER_PATHS = NO;
				CLANG_ANALYZER_NONNULL = YES;
				CLANG_ANALYZER_NUMBER_OBJECT_CONVERSION = YES_AGGRESSIVE;
				CLANG_CXX_LANGUAGE_STANDARD = "gnu++17";
				CLANG_CXX_LIBRARY = "libc++";
				CLANG_ENABLE_MODULES = YES;
				CLANG_ENABLE_OBJC_ARC = YES;
				CLANG_ENABLE_OBJC_WEAK = YES;
				CLANG_WARN_BLOCK_CAPTURE_AUTORELEASING = YES;
				CLANG_WARN_BOOL_CONVERSION = YES;
				CLANG_WARN_COMMA = YES;
				CLANG_WARN_CONSTANT_CONVERSION = YES;
				CLANG_WARN_DEPRECATED_OBJC_IMPLEMENTATIONS = YES;
				CLANG_WARN_DIRECT_OBJC_ISA_USAGE = YES_ERROR;
				CLANG_WARN_DOCUMENTATION_COMMENTS = YES;
				CLANG_WARN_EMPTY_BODY = YES;
				CLANG_WARN_ENUM_CONVERSION = YES;
				CLANG_WARN_INFINITE_RECURSION = YES;
				CLANG_WARN_INT_CONVERSION = YES;
				CLANG_WARN_NON_LITERAL_NULL_CONVERSION = YES;
				CLANG_WARN_OBJC_IMPLICIT_RETAIN_SELF = YES;
				CLANG_WARN_OBJC_LITERAL_CONVERSION = YES;
				CLANG_WARN_OBJC_ROOT_CLASS = YES_ERROR;
				CLANG_WARN_QUOTED_INCLUDE_IN_FRAMEWORK_HEADER = YES;
				CLANG_WARN_RANGE_LOOP_ANALYSIS = YES;
				CLANG_WARN_STRICT_PROTOTYPES = YES;
				CLANG_WARN_SUSPICIOUS_MOVE = YES;
				CLANG_WARN_UNGUARDED_AVAILABILITY = YES_AGGRESSIVE;
				CLANG_WARN_UNREACHABLE_CODE = YES;
				CLANG_WARN__DUPLICATE_METHOD_MATCH = YES;
				COPY_PHASE_STRIP = NO;
				DEBUG_INFORMATION_FORMAT = dwarf;
				ENABLE_STRICT_OBJC_MSGSEND = YES;
				ENABLE_TESTABILITY = YES;
				GCC_C_LANGUAGE_STANDARD = gnu11;
				GCC_DYNAMIC_NO_PIC = NO;
				GCC_NO_COMMON_BLOCKS = YES;
				GCC_OPTIMIZATION_LEVEL = 0;
				GCC_PREPROCESSOR_DEFINITIONS = (
					"DEBUG=1",
					"$(inherited)",
				);
				GCC_WARN_64_TO_32_BIT_CONVERSION = YES;
				GCC_WARN_ABOUT_RETURN_TYPE = YES_ERROR;
				GCC_WARN_UNDECLARED_SELECTOR = YES;
				GCC_WARN_UNINITIALIZED_AUTOS = YES_AGGRESSIVE;
				GCC_WARN_UNUSED_FUNCTION = YES;
				GCC_WARN_UNUSED_VARIABLE = YES;
				IPHONEOS_DEPLOYMENT_TARGET = 15.0;
				MTL_ENABLE_DEBUG_INFO = INCLUDE_SOURCE;
				MTL_FAST_MATH = YES;
				ONLY_ACTIVE_ARCH = YES;
				SDKROOT = iphoneos;
				SWIFT_ACTIVE_COMPILATION_CONDITIONS = DEBUG;
				SWIFT_OPTIMIZATION_LEVEL = "-Onone";
			};
			name = Debug;
		};
		22C21D082824BABE0047C03A /* Release */ = {
			isa = XCBuildConfiguration;
			buildSettings = {
				ALWAYS_SEARCH_USER_PATHS = NO;
				CLANG_ANALYZER_NONNULL = YES;
				CLANG_ANALYZER_NUMBER_OBJECT_CONVERSION = YES_AGGRESSIVE;
				CLANG_CXX_LANGUAGE_STANDARD = "gnu++17";
				CLANG_CXX_LIBRARY = "libc++";
				CLANG_ENABLE_MODULES = YES;
				CLANG_ENABLE_OBJC_ARC = YES;
				CLANG_ENABLE_OBJC_WEAK = YES;
				CLANG_WARN_BLOCK_CAPTURE_AUTORELEASING = YES;
				CLANG_WARN_BOOL_CONVERSION = YES;
				CLANG_WARN_COMMA = YES;
				CLANG_WARN_CONSTANT_CONVERSION = YES;
				CLANG_WARN_DEPRECATED_OBJC_IMPLEMENTATIONS = YES;
				CLANG_WARN_DIRECT_OBJC_ISA_USAGE = YES_ERROR;
				CLANG_WARN_DOCUMENTATION_COMMENTS = YES;
				CLANG_WARN_EMPTY_BODY = YES;
				CLANG_WARN_ENUM_CONVERSION = YES;
				CLANG_WARN_INFINITE_RECURSION = YES;
				CLANG_WARN_INT_CONVERSION = YES;
				CLANG_WARN_NON_LITERAL_NULL_CONVERSION = YES;
				CLANG_WARN_OBJC_IMPLICIT_RETAIN_SELF = YES;
				CLANG_WARN_OBJC_LITERAL_CONVERSION = YES;
				CLANG_WARN_OBJC_ROOT_CLASS = YES_ERROR;
				CLANG_WARN_QUOTED_INCLUDE_IN_FRAMEWORK_HEADER = YES;
				CLANG_WARN_RANGE_LOOP_ANALYSIS = YES;
				CLANG_WARN_STRICT_PROTOTYPES = YES;
				CLANG_WARN_SUSPICIOUS_MOVE = YES;
				CLANG_WARN_UNGUARDED_AVAILABILITY = YES_AGGRESSIVE;
				CLANG_WARN_UNREACHABLE_CODE = YES;
				CLANG_WARN__DUPLICATE_METHOD_MATCH = YES;
				COPY_PHASE_STRIP = NO;
				DEBUG_INFORMATION_FORMAT = "dwarf-with-dsym";
				ENABLE_NS_ASSERTIONS = NO;
				ENABLE_STRICT_OBJC_MSGSEND = YES;
				GCC_C_LANGUAGE_STANDARD = gnu11;
				GCC_NO_COMMON_BLOCKS = YES;
				GCC_WARN_64_TO_32_BIT_CONVERSION = YES;
				GCC_WARN_ABOUT_RETURN_TYPE = YES_ERROR;
				GCC_WARN_UNDECLARED_SELECTOR = YES;
				GCC_WARN_UNINITIALIZED_AUTOS = YES_AGGRESSIVE;
				GCC_WARN_UNUSED_FUNCTION = YES;
				GCC_WARN_UNUSED_VARIABLE = YES;
				IPHONEOS_DEPLOYMENT_TARGET = 15.0;
				MTL_ENABLE_DEBUG_INFO = NO;
				MTL_FAST_MATH = YES;
				SDKROOT = iphoneos;
				SWIFT_COMPILATION_MODE = wholemodule;
				SWIFT_OPTIMIZATION_LEVEL = "-O";
				VALIDATE_PRODUCT = YES;
			};
			name = Release;
		};
		22C21D0A2824BABE0047C03A /* Debug */ = {
			isa = XCBuildConfiguration;
			buildSettings = {
				ASSETCATALOG_COMPILER_APPICON_NAME = AppIcon;
				ASSETCATALOG_COMPILER_GLOBAL_ACCENT_COLOR_NAME = AccentColor;
				CODE_SIGN_STYLE = Automatic;
				CURRENT_PROJECT_VERSION = 1;
				DEVELOPMENT_TEAM = K6729GXNDW;
				GENERATE_INFOPLIST_FILE = YES;
				INFOPLIST_FILE = LTKProject/Info.plist;
				INFOPLIST_KEY_UIApplicationSupportsIndirectInputEvents = YES;
				INFOPLIST_KEY_UILaunchStoryboardName = LaunchScreen;
				INFOPLIST_KEY_UIMainStoryboardFile = Main;
				INFOPLIST_KEY_UISupportedInterfaceOrientations = UIInterfaceOrientationPortrait;
				INFOPLIST_KEY_UISupportedInterfaceOrientations_iPad = "UIInterfaceOrientationPortrait UIInterfaceOrientationPortraitUpsideDown UIInterfaceOrientationLandscapeLeft UIInterfaceOrientationLandscapeRight";
				INFOPLIST_KEY_UISupportedInterfaceOrientations_iPhone = UIInterfaceOrientationPortrait;
				LD_RUNPATH_SEARCH_PATHS = (
					"$(inherited)",
					"@executable_path/Frameworks",
				);
				MARKETING_VERSION = 1.0;
				PRODUCT_BUNDLE_IDENTIFIER = com.benfitzgearl.ltkproject.LTKProject;
				PRODUCT_NAME = "$(TARGET_NAME)";
				SWIFT_EMIT_LOC_STRINGS = YES;
				SWIFT_VERSION = 5.0;
				TARGETED_DEVICE_FAMILY = "1,2";
			};
			name = Debug;
		};
		22C21D0B2824BABE0047C03A /* Release */ = {
			isa = XCBuildConfiguration;
			buildSettings = {
				ASSETCATALOG_COMPILER_APPICON_NAME = AppIcon;
				ASSETCATALOG_COMPILER_GLOBAL_ACCENT_COLOR_NAME = AccentColor;
				CODE_SIGN_STYLE = Automatic;
				CURRENT_PROJECT_VERSION = 1;
				DEVELOPMENT_TEAM = K6729GXNDW;
				GENERATE_INFOPLIST_FILE = YES;
				INFOPLIST_FILE = LTKProject/Info.plist;
				INFOPLIST_KEY_UIApplicationSupportsIndirectInputEvents = YES;
				INFOPLIST_KEY_UILaunchStoryboardName = LaunchScreen;
				INFOPLIST_KEY_UIMainStoryboardFile = Main;
				INFOPLIST_KEY_UISupportedInterfaceOrientations = UIInterfaceOrientationPortrait;
				INFOPLIST_KEY_UISupportedInterfaceOrientations_iPad = "UIInterfaceOrientationPortrait UIInterfaceOrientationPortraitUpsideDown UIInterfaceOrientationLandscapeLeft UIInterfaceOrientationLandscapeRight";
				INFOPLIST_KEY_UISupportedInterfaceOrientations_iPhone = UIInterfaceOrientationPortrait;
				LD_RUNPATH_SEARCH_PATHS = (
					"$(inherited)",
					"@executable_path/Frameworks",
				);
				MARKETING_VERSION = 1.0;
				PRODUCT_BUNDLE_IDENTIFIER = com.benfitzgearl.ltkproject.LTKProject;
				PRODUCT_NAME = "$(TARGET_NAME)";
				SWIFT_EMIT_LOC_STRINGS = YES;
				SWIFT_VERSION = 5.0;
				TARGETED_DEVICE_FAMILY = "1,2";
			};
			name = Release;
		};
/* End XCBuildConfiguration section */

/* Begin XCConfigurationList section */
		22C21CF02824BABB0047C03A /* Build configuration list for PBXProject "LTKProject" */ = {
			isa = XCConfigurationList;
			buildConfigurations = (
				22C21D072824BABE0047C03A /* Debug */,
				22C21D082824BABE0047C03A /* Release */,
			);
			defaultConfigurationIsVisible = 0;
			defaultConfigurationName = Release;
		};
		22C21D092824BABE0047C03A /* Build configuration list for PBXNativeTarget "LTKProject" */ = {
			isa = XCConfigurationList;
			buildConfigurations = (
				22C21D0A2824BABE0047C03A /* Debug */,
				22C21D0B2824BABE0047C03A /* Release */,
			);
			defaultConfigurationIsVisible = 0;
			defaultConfigurationName = Release;
		};
/* End XCConfigurationList section */
	};
	rootObject = 22C21CED2824BABB0047C03A /* Project object */;
}
